
Microsoft Visual Studio Solution File, Format Version 12.00
# Visual Studio 2012
Project("{FAE04EC0-301F-11D3-BF4B-00C04F79EFBC}") = "Words.Web", "Words.Web\Words.Web.csproj", "{37A39E33-A81F-421D-A2B3-85E4D9EA283A}"
EndProject
Project("{FAE04EC0-301F-11D3-BF4B-00C04F79EFBC}") = "Words", "Words\Words.csproj", "{4A632808-53E5-404A-BA3B-335918984902}"
EndProject
Project("{FAE04EC0-301F-11D3-BF4B-00C04F79EFBC}") = "Words.Test", "Words.Test\Words.Test.csproj", "{9AB36717-00DF-47C4-AFCC-B0236A990646}"
EndProject
Global
	GlobalSection(SolutionConfigurationPlatforms) = preSolution
		Debug|Any CPU = Debug|Any CPU
		Release|Any CPU = Release|Any CPU
	EndGlobalSection
	GlobalSection(ProjectConfigurationPlatforms) = postSolution
		{37A39E33-A81F-421D-A2B3-85E4D9EA283A}.Debug|Any CPU.ActiveCfg = Debug|Any CPU
		{37A39E33-A81F-421D-A2B3-85E4D9EA283A}.Debug|Any CPU.Build.0 = Debug|Any CPU
		{37A39E33-A81F-421D-A2B3-85E4D9EA283A}.Release|Any CPU.ActiveCfg = Release|Any CPU
		{37A39E33-A81F-421D-A2B3-85E4D9EA283A}.Release|Any CPU.Build.0 = Release|Any CPU
		{4A632808-53E5-404A-BA3B-335918984902}.Debug|Any CPU.ActiveCfg = Debug|Any CPU
		{4A632808-53E5-404A-BA3B-335918984902}.Debug|Any CPU.Build.0 = Debug|Any CPU
		{4A632808-53E5-404A-BA3B-335918984902}.Release|Any CPU.ActiveCfg = Release|Any CPU
		{4A632808-53E5-404A-BA3B-335918984902}.Release|Any CPU.Build.0 = Release|Any CPU
		{9AB36717-00DF-47C4-AFCC-B0236A990646}.Debug|Any CPU.ActiveCfg = Debug|Any CPU
		{9AB36717-00DF-47C4-AFCC-B0236A990646}.Debug|Any CPU.Build.0 = Debug|Any CPU
		{9AB36717-00DF-47C4-AFCC-B0236A990646}.Release|Any CPU.ActiveCfg = Release|Any CPU
		{9AB36717-00DF-47C4-AFCC-B0236A990646}.Release|Any CPU.Build.0 = Release|Any CPU
	EndGlobalSection
	GlobalSection(SolutionProperties) = preSolution
		HideSolutionNode = FALSE
	EndGlobalSection
EndGlobal
