
Microsoft Visual Studio Solution File, Format Version 12.00
# Visual Studio Version 16
VisualStudioVersion = 16.6.30114.105
MinimumVisualStudioVersion = 10.0.40219.1
Project("{FAE04EC0-301F-11D3-BF4B-00C04F79EFBC}") = "Words.Core", "Words\Words.Core.csproj", "{36C7D5B4-9D5E-4485-A5E5-C9A9FD4E9205}"
EndProject
Project("{FAE04EC0-301F-11D3-BF4B-00C04F79EFBC}") = "Words.Console.Core", "Words.Console\Words.Console.Core.csproj", "{950FD0F6-E598-432A-8855-64A3EC8C3A03}"
EndProject
Project("{FAE04EC0-301F-11D3-BF4B-00C04F79EFBC}") = "Words.Test.Core", "Words.Test\Words.Test.Core.csproj", "{F3921727-B86F-4E15-8FA9-EC2B9BF6267E}"
EndProject
Project("{FAE04EC0-301F-11D3-BF4B-00C04F79EFBC}") = "Words.Web.Core", "Words.Web.Core\Words.Web.Core.csproj", "{01E63F09-8CDC-467F-A139-A7B106C64A2B}"
EndProject
Global
	GlobalSection(SolutionConfigurationPlatforms) = preSolution
		Debug|Any CPU = Debug|Any CPU
		Debug|x64 = Debug|x64
		Debug|x86 = Debug|x86
		Release|Any CPU = Release|Any CPU
		Release|x64 = Release|x64
		Release|x86 = Release|x86
	EndGlobalSection
	GlobalSection(SolutionProperties) = preSolution
		HideSolutionNode = FALSE
	EndGlobalSection
	GlobalSection(ProjectConfigurationPlatforms) = postSolution
		{36C7D5B4-9D5E-4485-A5E5-C9A9FD4E9205}.Debug|Any CPU.ActiveCfg = Debug|Any CPU
		{36C7D5B4-9D5E-4485-A5E5-C9A9FD4E9205}.Debug|Any CPU.Build.0 = Debug|Any CPU
		{36C7D5B4-9D5E-4485-A5E5-C9A9FD4E9205}.Debug|x64.ActiveCfg = Debug|Any CPU
		{36C7D5B4-9D5E-4485-A5E5-C9A9FD4E9205}.Debug|x64.Build.0 = Debug|Any CPU
		{36C7D5B4-9D5E-4485-A5E5-C9A9FD4E9205}.Debug|x86.ActiveCfg = Debug|Any CPU
		{36C7D5B4-9D5E-4485-A5E5-C9A9FD4E9205}.Debug|x86.Build.0 = Debug|Any CPU
		{36C7D5B4-9D5E-4485-A5E5-C9A9FD4E9205}.Release|Any CPU.ActiveCfg = Release|Any CPU
		{36C7D5B4-9D5E-4485-A5E5-C9A9FD4E9205}.Release|Any CPU.Build.0 = Release|Any CPU
		{36C7D5B4-9D5E-4485-A5E5-C9A9FD4E9205}.Release|x64.ActiveCfg = Release|Any CPU
		{36C7D5B4-9D5E-4485-A5E5-C9A9FD4E9205}.Release|x64.Build.0 = Release|Any CPU
		{36C7D5B4-9D5E-4485-A5E5-C9A9FD4E9205}.Release|x86.ActiveCfg = Release|Any CPU
		{36C7D5B4-9D5E-4485-A5E5-C9A9FD4E9205}.Release|x86.Build.0 = Release|Any CPU
		{950FD0F6-E598-432A-8855-64A3EC8C3A03}.Debug|Any CPU.ActiveCfg = Debug|Any CPU
		{950FD0F6-E598-432A-8855-64A3EC8C3A03}.Debug|Any CPU.Build.0 = Debug|Any CPU
		{950FD0F6-E598-432A-8855-64A3EC8C3A03}.Debug|x64.ActiveCfg = Debug|Any CPU
		{950FD0F6-E598-432A-8855-64A3EC8C3A03}.Debug|x64.Build.0 = Debug|Any CPU
		{950FD0F6-E598-432A-8855-64A3EC8C3A03}.Debug|x86.ActiveCfg = Debug|Any CPU
		{950FD0F6-E598-432A-8855-64A3EC8C3A03}.Debug|x86.Build.0 = Debug|Any CPU
		{950FD0F6-E598-432A-8855-64A3EC8C3A03}.Release|Any CPU.ActiveCfg = Release|Any CPU
		{950FD0F6-E598-432A-8855-64A3EC8C3A03}.Release|Any CPU.Build.0 = Release|Any CPU
		{950FD0F6-E598-432A-8855-64A3EC8C3A03}.Release|x64.ActiveCfg = Release|Any CPU
		{950FD0F6-E598-432A-8855-64A3EC8C3A03}.Release|x64.Build.0 = Release|Any CPU
		{950FD0F6-E598-432A-8855-64A3EC8C3A03}.Release|x86.ActiveCfg = Release|Any CPU
		{950FD0F6-E598-432A-8855-64A3EC8C3A03}.Release|x86.Build.0 = Release|Any CPU
		{F3921727-B86F-4E15-8FA9-EC2B9BF6267E}.Debug|Any CPU.ActiveCfg = Debug|Any CPU
		{F3921727-B86F-4E15-8FA9-EC2B9BF6267E}.Debug|Any CPU.Build.0 = Debug|Any CPU
		{F3921727-B86F-4E15-8FA9-EC2B9BF6267E}.Debug|x64.ActiveCfg = Debug|Any CPU
		{F3921727-B86F-4E15-8FA9-EC2B9BF6267E}.Debug|x64.Build.0 = Debug|Any CPU
		{F3921727-B86F-4E15-8FA9-EC2B9BF6267E}.Debug|x86.ActiveCfg = Debug|Any CPU
		{F3921727-B86F-4E15-8FA9-EC2B9BF6267E}.Debug|x86.Build.0 = Debug|Any CPU
		{F3921727-B86F-4E15-8FA9-EC2B9BF6267E}.Release|Any CPU.ActiveCfg = Release|Any CPU
		{F3921727-B86F-4E15-8FA9-EC2B9BF6267E}.Release|Any CPU.Build.0 = Release|Any CPU
		{F3921727-B86F-4E15-8FA9-EC2B9BF6267E}.Release|x64.ActiveCfg = Release|Any CPU
		{F3921727-B86F-4E15-8FA9-EC2B9BF6267E}.Release|x64.Build.0 = Release|Any CPU
		{F3921727-B86F-4E15-8FA9-EC2B9BF6267E}.Release|x86.ActiveCfg = Release|Any CPU
		{F3921727-B86F-4E15-8FA9-EC2B9BF6267E}.Release|x86.Build.0 = Release|Any CPU
		{01E63F09-8CDC-467F-A139-A7B106C64A2B}.Debug|Any CPU.ActiveCfg = Debug|Any CPU
		{01E63F09-8CDC-467F-A139-A7B106C64A2B}.Debug|Any CPU.Build.0 = Debug|Any CPU
		{01E63F09-8CDC-467F-A139-A7B106C64A2B}.Debug|x64.ActiveCfg = Debug|Any CPU
		{01E63F09-8CDC-467F-A139-A7B106C64A2B}.Debug|x64.Build.0 = Debug|Any CPU
		{01E63F09-8CDC-467F-A139-A7B106C64A2B}.Debug|x86.ActiveCfg = Debug|Any CPU
		{01E63F09-8CDC-467F-A139-A7B106C64A2B}.Debug|x86.Build.0 = Debug|Any CPU
		{01E63F09-8CDC-467F-A139-A7B106C64A2B}.Release|Any CPU.ActiveCfg = Release|Any CPU
		{01E63F09-8CDC-467F-A139-A7B106C64A2B}.Release|Any CPU.Build.0 = Release|Any CPU
		{01E63F09-8CDC-467F-A139-A7B106C64A2B}.Release|x64.ActiveCfg = Release|Any CPU
		{01E63F09-8CDC-467F-A139-A7B106C64A2B}.Release|x64.Build.0 = Release|Any CPU
		{01E63F09-8CDC-467F-A139-A7B106C64A2B}.Release|x86.ActiveCfg = Release|Any CPU
		{01E63F09-8CDC-467F-A139-A7B106C64A2B}.Release|x86.Build.0 = Release|Any CPU
	EndGlobalSection
EndGlobal
